Microsoft Visual Studio Solution File, Format Version 12.00
# Visual Studio Version 17
VisualStudioVersion = 17.5.2.0
MinimumVisualStudioVersion = 10.0.40219.1
Project("{FAE04EC0-301F-11D3-BF4B-00C04F79EFBC}") = "documents-service-api", "documents-service-api\documents-service-api.csproj", "{5DA0E653-7F82-4294-3347-7C5D8F5EC763}"
EndProject
Global
	GlobalSection(SolutionConfigurationPlatforms) = preSolution
		Debug|Any CPU = Debug|Any CPU
		Release|Any CPU = Release|Any CPU
	EndGlobalSection
	GlobalSection(ProjectConfigurationPlatforms) = postSolution
		{5DA0E653-7F82-4294-3347-7C5D8F5EC763}.Debug|Any CPU.ActiveCfg = Debug|Any CPU
		{5DA0E653-7F82-4294-3347-7C5D8F5EC763}.Debug|Any CPU.Build.0 = Debug|Any CPU
		{5DA0E653-7F82-4294-3347-7C5D8F5EC763}.Release|Any CPU.ActiveCfg = Release|Any CPU
		{5DA0E653-7F82-4294-3347-7C5D8F5EC763}.Release|Any CPU.Build.0 = Release|Any CPU
	EndGlobalSection
	GlobalSection(SolutionProperties) = preSolution
		HideSolutionNode = FALSE
	EndGlobalSection
	GlobalSection(ExtensibilityGlobals) = postSolution
		SolutionGuid = {7A50DFF5-B4F2-4F3F-8CB7-3AA6D57E8C1D}
	EndGlobalSection
EndGlobal
